# This file was autogenerated by uv via the following command:
#    uv pip compile competitors/requirements.in -o competitors/requirements.lock --python-version 3.12
certifi==2026.7.22
    # via requests
charset-normalizer==3.5.2
    # via requests
cloudpickle==3.1.2
    # via joblib
contourpy==1.4.0
    # via matplotlib
cycler==0.12.1
    # via matplotlib
fonttools==4.66.1
    # via matplotlib
h5py==3.16.0
    # via rsatoolbox
idna==3.20
    # via requests
imageio==2.38.0
    # via scikit-image
jinja2==3.1.6
    # via nilearn
joblib==1.6.0
    # via
    #   nilearn
    #   rsatoolbox
    #   scikit-learn
kiwisolver==1.5.1
    # via matplotlib
lazy-loader==0.6
    # via scikit-image
markupsafe==3.0.3
    # via jinja2
matplotlib==3.11.2
    # via rsatoolbox
narwhals==2.26.0
    # via scikit-learn
networkx==3.7
    # via
    #   rsatoolbox
    #   scikit-image
nibabel==5.4.2
    # via
    #   -r competitors/requirements.in
    #   nilearn
nilearn==0.14.1
    # via -r competitors/requirements.in
numpy==2.5.3
    # via
    #   -r competitors/requirements.in
    #   contourpy
    #   h5py
    #   imageio
    #   matplotlib
    #   nibabel
    #   nilearn
    #   pandas
    #   rsatoolbox
    #   scikit-image
    #   scikit-learn
    #   scipy
    #   tifffile
packaging==26.3
    # via
    #   lazy-loader
    #   matplotlib
    #   nibabel
    #   nilearn
    #   scikit-image
pandas==3.0.6
    # via
    #   nilearn
    #   rsatoolbox
pillow==12.3.0
    # via
    #   imageio
    #   matplotlib
    #   scikit-image
pyparsing==3.3.3
    # via matplotlib
python-dateutil==2.9.0.post0
    # via
    #   matplotlib
    #   pandas
requests==2.34.2
    # via nilearn
rsatoolbox==0.3.2
    # via -r competitors/requirements.in
scikit-image==0.26.0
    # via rsatoolbox
scikit-learn==1.9.1
    # via
    #   -r competitors/requirements.in
    #   nilearn
    #   rsatoolbox
scipy==1.18.1
    # via
    #   -r competitors/requirements.in
    #   nilearn
    #   rsatoolbox
    #   scikit-image
    #   scikit-learn
six==1.17.0
    # via python-dateutil
threadpoolctl==3.7.0
    # via
    #   -r competitors/requirements.in
    #   scikit-learn
tifffile==2026.9.20
    # via scikit-image
tqdm==4.70.1
    # via rsatoolbox
typing-extensions==4.16.0
    # via nibabel
urllib3==2.8.0
    # via requests
